PODS:
  - Capacitor (5.7.2):
    - CapacitorCordova
  - CapacitorCordova (5.7.2)
  - CapacitorPluginSafeArea (2.0.6):
    - Capacitor

DEPENDENCIES:
  - "Capacitor (from `../../node_modules/@capacitor/ios`)"
  - "CapacitorCordova (from `../../node_modules/@capacitor/ios`)"
  - CapacitorPluginSafeArea (from `../../node_modules/capacitor-plugin-safe-area`)

EXTERNAL SOURCES:
  Capacitor:
    :path: "../../node_modules/@capacitor/ios"
  CapacitorCordova:
    :path: "../../node_modules/@capacitor/ios"
  CapacitorPluginSafeArea:
    :path: "../../node_modules/capacitor-plugin-safe-area"

SPEC CHECKSUMS:
  Capacitor: fc7ef6d935eafb0df9eaaf109ca69be16c51a2d2
  CapacitorCordova: 70b13b8fddb6f35d8adcfe06cb5045c07f35f6de
  CapacitorPluginSafeArea: d55e4d4e70c98f611240f11dd80561438d0d70cb

PODFILE CHECKSUM: 589be250bfd03cb58f8a8079c5f90a5b133e28e9

COCOAPODS: 1.14.2
